// !$*UTF8*$!
{
	archiveVersion = 1;
	classes = {
	};
	objectVersion = 46;
	objects = {

/* Begin PBXBuildFile section */
		50020E4C1B67676300DC7CA1 /* AppDelegate.swift in Sources */ = {isa = PBXBuildFile; fileRef = 50020E4B1B67676300DC7CA1 /* AppDelegate.swift */; };
		50020E4F1B67676300DC7CA1 /* rattlemedia.xcdatamodeld in Sources */ = {isa = PBXBuildFile; fileRef = 50020E4D1B67676300DC7CA1 /* rattlemedia.xcdatamodeld */; };
		50020E511B67676300DC7CA1 /* ViewController.swift in Sources */ = {isa = PBXBuildFile; fileRef = 50020E501B67676300DC7CA1 /* ViewController.swift */; };
		50020E541B67676300DC7CA1 /* Main.storyboard in Resources */ = {isa = PBXBuildFile; fileRef = 50020E521B67676300DC7CA1 /* Main.storyboard */; };
		50020E561B67676300DC7CA1 /* Images.xcassets in Resources */ = {isa = PBXBuildFile; fileRef = 50020E551B67676300DC7CA1 /* Images.xcassets */; };
		50020E591B67676300DC7CA1 /* LaunchScreen.xib in Resources */ = {isa = PBXBuildFile; fileRef = 50020E571B67676300DC7CA1 /* LaunchScreen.xib */; };
		50020E651B67676400DC7CA1 /* rattlemediaTests.swift in Sources */ = {isa = PBXBuildFile; fileRef = 50020E641B67676400DC7CA1 /* rattlemediaTests.swift */; };
		50020E6F1B67676E00DC7CA1 /* RattleWebView.swift in Sources */ = {isa = PBXBuildFile; fileRef = 50020E6E1B67676E00DC7CA1 /* RattleWebView.swift */; };
/* End PBXBuildFile section */

/* Begin PBXContainerItemProxy section */
		50020E5F1B67676300DC7CA1 /* PBXContainerItemProxy */ = {
			isa = PBXContainerItemProxy;
			containerPortal = 50020E3E1B67676300DC7CA1 /* Project object */;
			proxyType = 1;
			remoteGlobalIDString = 50020E451B67676300DC7CA1;
			remoteInfo = rattlemedia;
		};
/* End PBXContainerItemProxy section */

/* Begin PBXFileReference section */
		50020E461B67676300DC7CA1 /* rattlemedia.app */ = {isa = PBXFileReference; explicitFileType = wrapper.application; includeInIndex = 0; path = rattlemedia.app; sourceTree = BUILT_PRODUCTS_DIR; };
		50020E4A1B67676300DC7CA1 /* Info.plist */ = {isa = PBXFileReference; lastKnownFileType = text.plist.xml; path = Info.plist; sourceTree = "<group>"; };
		50020E4B1B67676300DC7CA1 /* AppDelegate.swift */ = {isa = PBXFileReference; lastKnownFileType = sourcecode.swift; path = AppDelegate.swift; sourceTree = "<group>"; };
		50020E4E1B67676300DC7CA1 /* rattlemedia.xcdatamodel */ = {isa = PBXFileReference; lastKnownFileType = wrapper.xcdatamodel; path = rattlemedia.xcdatamodel; sourceTree = "<group>"; };
		50020E501B67676300DC7CA1 /* ViewController.swift */ = {isa = PBXFileReference; lastKnownFileType = sourcecode.swift; path = ViewController.swift; sourceTree = "<group>"; };
		50020E531B67676300DC7CA1 /* Base */ = {isa = PBXFileReference; lastKnownFileType = file.storyboard; name = Base; path = Base.lproj/Main.storyboard; sourceTree = "<group>"; };
		50020E551B67676300DC7CA1 /* Images.xcassets */ = {isa = PBXFileReference; lastKnownFileType = folder.assetcatalog; path = Images.xcassets; sourceTree = "<group>"; };
		50020E581B67676300DC7CA1 /* Base */ = {isa = PBXFileReference; lastKnownFileType = file.xib; name = Base; path = Base.lproj/LaunchScreen.xib; sourceTree = "<group>"; };
		50020E5E1B67676300DC7CA1 /* rattlemediaTests.xctest */ = {isa = PBXFileReference; explicitFileType = wrapper.cfbundle; includeInIndex = 0; path = rattlemediaTests.xctest; sourceTree = BUILT_PRODUCTS_DIR; };
		50020E631B67676400DC7CA1 /* Info.plist */ = {isa = PBXFileReference; lastKnownFileType = text.plist.xml; path = Info.plist; sourceTree = "<group>"; };
		50020E641B67676400DC7CA1 /* rattlemediaTests.swift */ = {isa = PBXFileReference; lastKnownFileType = sourcecode.swift; path = rattlemediaTests.swift; sourceTree = "<group>"; };
		50020E6E1B67676E00DC7CA1 /* RattleWebView.swift */ = {isa = PBXFileReference; fileEncoding = 4; lastKnownFileType = sourcecode.swift; path = RattleWebView.swift; sourceTree = "<group>"; };
/* End PBXFileReference section */

/* Begin PBXFrameworksBuildPhase section */
		50020E431B67676300DC7CA1 /* Frameworks */ = {
			isa = PBXFrameworksBuildPhase;
			buildActionMask = 2147483647;
			files = (
			);
			runOnlyForDeploymentPostprocessing = 0;
		};
		50020E5B1B67676300DC7CA1 /* Frameworks */ = {
			isa = PBXFrameworksBuildPhase;
			buildActionMask = 2147483647;
			files = (
			);
			runOnlyForDeploymentPostprocessing = 0;
		};
/* End PBXFrameworksBuildPhase section */

/* Begin PBXGroup section */
		50020E3D1B67676300DC7CA1 = {
			isa = PBXGroup;
			children = (
				50020E481B67676300DC7CA1 /* rattlemedia */,
				50020E611B67676300DC7CA1 /* rattlemediaTests */,
				50020E471B67676300DC7CA1 /* Products */,
			);
			sourceTree = "<group>";
		};
		50020E471B67676300DC7CA1 /* Products */ = {
			isa = PBXGroup;
			children = (
				50020E461B67676300DC7CA1 /* rattlemedia.app */,
				50020E5E1B67676300DC7CA1 /* rattlemediaTests.xctest */,
			);
			name = Products;
			sourceTree = "<group>";
		};
		50020E481B67676300DC7CA1 /* rattlemedia */ = {
			isa = PBXGroup;
			children = (
				50020E6E1B67676E00DC7CA1 /* RattleWebView.swift */,
				50020E4B1B67676300DC7CA1 /* AppDelegate.swift */,
				50020E501B67676300DC7CA1 /* ViewController.swift */,
				50020E521B67676300DC7CA1 /* Main.storyboard */,
				50020E551B67676300DC7CA1 /* Images.xcassets */,
				50020E571B67676300DC7CA1 /* LaunchScreen.xib */,
				50020E4D1B67676300DC7CA1 /* rattlemedia.xcdatamodeld */,
				50020E491B67676300DC7CA1 /* Supporting Files */,
			);
			path = rattlemedia;
			sourceTree = "<group>";
		};
		50020E491B67676300DC7CA1 /* Supporting Files */ = {
			isa = PBXGroup;
			children = (
				50020E4A1B67676300DC7CA1 /* Info.plist */,
			);
			name = "Supporting Files";
			sourceTree = "<group>";
		};
		50020E611B67676300DC7CA1 /* rattlemediaTests */ = {
			isa = PBXGroup;
			children = (
				50020E641B67676400DC7CA1 /* rattlemediaTests.swift */,
				50020E621B67676400DC7CA1 /* Supporting Files */,
			);
			path = rattlemediaTests;
			sourceTree = "<group>";
		};
		50020E621B67676400DC7CA1 /* Supporting Files */ = {
			isa = PBXGroup;
			children = (
				50020E631B67676400DC7CA1 /* Info.plist */,
			);
			name = "Supporting Files";
			sourceTree = "<group>";
		};
/* End PBXGroup section */

/* Begin PBXNativeTarget section */
		50020E451B67676300DC7CA1 /* rattlemedia */ = {
			isa = PBXNativeTarget;
			buildConfigurationList = 50020E681B67676400DC7CA1 /* Build configuration list for PBXNativeTarget "rattlemedia" */;
			buildPhases = (
				50020E421B67676300DC7CA1 /* Sources */,
				50020E431B67676300DC7CA1 /* Frameworks */,
				50020E441B67676300DC7CA1 /* Resources */,
			);
			buildRules = (
			);
			dependencies = (
			);
			name = rattlemedia;
			productName = rattlemedia;
			productReference = 50020E461B67676300DC7CA1 /* rattlemedia.app */;
			productType = "com.apple.product-type.application";
		};
		50020E5D1B67676300DC7CA1 /* rattlemediaTests */ = {
			isa = PBXNativeTarget;
			buildConfigurationList = 50020E6B1B67676400DC7CA1 /* Build configuration list for PBXNativeTarget "rattlemediaTests" */;
			buildPhases = (
				50020E5A1B67676300DC7CA1 /* Sources */,
				50020E5B1B67676300DC7CA1 /* Frameworks */,
				50020E5C1B67676300DC7CA1 /* Resources */,
			);
			buildRules = (
			);
			dependencies = (
				50020E601B67676300DC7CA1 /* PBXTargetDependency */,
			);
			name = rattlemediaTests;
			productName = rattlemediaTests;
			productReference = 50020E5E1B67676300DC7CA1 /* rattlemediaTests.xctest */;
			productType = "com.apple.product-type.bundle.unit-test";
		};
/* End PBXNativeTarget section */

/* Begin PBXProject section */
		50020E3E1B67676300DC7CA1 /* Project object */ = {
			isa = PBXProject;
			attributes = {
				LastUpgradeCheck = 0640;
				ORGANIZATIONNAME = "Rattle Media Ltd";
				TargetAttributes = {
					50020E451B67676300DC7CA1 = {
						CreatedOnToolsVersion = 6.4;
					};
					50020E5D1B67676300DC7CA1 = {
						CreatedOnToolsVersion = 6.4;
						TestTargetID = 50020E451B67676300DC7CA1;
					};
				};
			};
			buildConfigurationList = 50020E411B67676300DC7CA1 /* Build configuration list for PBXProject "rattlemedia" */;
			compatibilityVersion = "Xcode 3.2";
			developmentRegion = English;
			hasScannedForEncodings = 0;
			knownRegions = (
				en,
				Base,
			);
			mainGroup = 50020E3D1B67676300DC7CA1;
			productRefGroup = 50020E471B67676300DC7CA1 /* Products */;
			projectDirPath = "";
			projectRoot = "";
			targets = (
				50020E451B67676300DC7CA1 /* rattlemedia */,
				50020E5D1B67676300DC7CA1 /* rattlemediaTests */,
			);
		};
/* End PBXProject section */

/* Begin PBXResourcesBuildPhase section */
		50020E441B67676300DC7CA1 /* Resources */ = {
			isa = PBXResourcesBuildPhase;
			buildActionMask = 2147483647;
			files = (
				50020E541B67676300DC7CA1 /* Main.storyboard in Resources */,
				50020E591B67676300DC7CA1 /* LaunchScreen.xib in Resources */,
				50020E561B67676300DC7CA1 /* Images.xcassets in Resources */,
			);
			runOnlyForDeploymentPostprocessing = 0;
		};
		50020E5C1B67676300DC7CA1 /* Resources */ = {
			isa = PBXResourcesBuildPhase;
			buildActionMask = 2147483647;
			files = (
			);
			runOnlyForDeploymentPostprocessing = 0;
		};
/* End PBXResourcesBuildPhase section */

/* Begin PBXSourcesBuildPhase section */
		50020E421B67676300DC7CA1 /* Sources */ = {
			isa = PBXSourcesBuildPhase;
			buildActionMask = 2147483647;
			files = (
				50020E511B67676300DC7CA1 /* ViewController.swift in Sources */,
				50020E4F1B67676300DC7CA1 /* rattlemedia.xcdatamodeld in Sources */,
				50020E4C1B67676300DC7CA1 /* AppDelegate.swift in Sources */,
				50020E6F1B67676E00DC7CA1 /* RattleWebView.swift in Sources */,
			);
			runOnlyForDeploymentPostprocessing = 0;
		};
		50020E5A1B67676300DC7CA1 /* Sources */ = {
			isa = PBXSourcesBuildPhase;
			buildActionMask = 2147483647;
			files = (
				50020E651B67676400DC7CA1 /* rattlemediaTests.swift in Sources */,
			);
			runOnlyForDeploymentPostprocessing = 0;
		};
/* End PBXSourcesBuildPhase section */

/* Begin PBXTargetDependency section */
		50020E601B67676300DC7CA1 /* PBXTargetDependency */ = {
			isa = PBXTargetDependency;
			target = 50020E451B67676300DC7CA1 /* rattlemedia */;
			targetProxy = 50020E5F1B67676300DC7CA1 /* PBXContainerItemProxy */;
		};
/* End PBXTargetDependency section */

/* Begin PBXVariantGroup section */
		50020E521B67676300DC7CA1 /* Main.storyboard */ = {
			isa = PBXVariantGroup;
			children = (
				50020E531B67676300DC7CA1 /* Base */,
			);
			name = Main.storyboard;
			sourceTree = "<group>";
		};
		50020E571B67676300DC7CA1 /* LaunchScreen.xib */ = {
			isa = PBXVariantGroup;
			children = (
				50020E581B67676300DC7CA1 /* Base */,
			);
			name = LaunchScreen.xib;
			sourceTree = "<group>";
		};
/* End PBXVariantGroup section */

/* Begin XCBuildConfiguration section */
		50020E661B67676400DC7CA1 /* Debug */ = {
			isa = XCBuildConfiguration;
			buildSettings = {
				ALWAYS_SEARCH_USER_PATHS = NO;
				CLANG_CXX_LANGUAGE_STANDARD = "gnu++0x";
				CLANG_CXX_LIBRARY = "libc++";
				CLANG_ENABLE_MODULES = YES;
				CLANG_ENABLE_OBJC_ARC = YES;
				CLANG_WARN_BOOL_CONVERSION = YES;
				CLANG_WARN_CONSTANT_CONVERSION = YES;
				CLANG_WARN_DIRECT_OBJC_ISA_USAGE = YES_ERROR;
				CLANG_WARN_EMPTY_BODY = YES;
				CLANG_WARN_ENUM_CONVERSION = YES;
				CLANG_WARN_INT_CONVERSION = YES;
				CLANG_WARN_OBJC_ROOT_CLASS = YES_ERROR;
				CLANG_WARN_UNREACHABLE_CODE = YES;
				CLANG_WARN__DUPLICATE_METHOD_MATCH = YES;
				"CODE_SIGN_IDENTITY[sdk=iphoneos*]" = "iPhone Developer";
				COPY_PHASE_STRIP = NO;
				DEBUG_INFORMATION_FORMAT = "dwarf-with-dsym";
				ENABLE_STRICT_OBJC_MSGSEND = YES;
				GCC_C_LANGUAGE_STANDARD = gnu99;
				GCC_DYNAMIC_NO_PIC = NO;
				GCC_NO_COMMON_BLOCKS = YES;
				GCC_OPTIMIZATION_LEVEL = 0;
				GCC_PREPROCESSOR_DEFINITIONS = (
					"DEBUG=1",
					"$(inherited)",
				);
				GCC_SYMBOLS_PRIVATE_EXTERN = NO;
				GCC_WARN_64_TO_32_BIT_CONVERSION = YES;
				GCC_WARN_ABOUT_RETURN_TYPE = YES_ERROR;
				GCC_WARN_UNDECLARED_SELECTOR = YES;
				GCC_WARN_UNINITIALIZED_AUTOS = YES_AGGRESSIVE;
				GCC_WARN_UNUSED_FUNCTION = YES;
				GCC_WARN_UNUSED_VARIABLE = YES;
				IPHONEOS_DEPLOYMENT_TARGET = 8.4;
				MTL_ENABLE_DEBUG_INFO = YES;
				ONLY_ACTIVE_ARCH = YES;
				SDKROOT = iphoneos;
				SWIFT_OPTIMIZATION_LEVEL = "-Onone";
				TARGETED_DEVICE_FAMILY = "1,2";
			};
			name = Debug;
		};
		50020E671B67676400DC7CA1 /* Release */ = {
			isa = XCBuildConfiguration;
			buildSettings = {
				ALWAYS_SEARCH_USER_PATHS = NO;
				CLANG_CXX_LANGUAGE_STANDARD = "gnu++0x";
				CLANG_CXX_LIBRARY = "libc++";
				CLANG_ENABLE_MODULES = YES;
				CLANG_ENABLE_OBJC_ARC = YES;
				CLANG_WARN_BOOL_CONVERSION = YES;
				CLANG_WARN_CONSTANT_CONVERSION = YES;
				CLANG_WARN_DIRECT_OBJC_ISA_USAGE = YES_ERROR;
				CLANG_WARN_EMPTY_BODY = YES;
				CLANG_WARN_ENUM_CONVERSION = YES;
				CLANG_WARN_INT_CONVERSION = YES;
				CLANG_WARN_OBJC_ROOT_CLASS = YES_ERROR;
				CLANG_WARN_UNREACHABLE_CODE = YES;
				CLANG_WARN__DUPLICATE_METHOD_MATCH = YES;
				"CODE_SIGN_IDENTITY[sdk=iphoneos*]" = "iPhone Developer";
				COPY_PHASE_STRIP = NO;
				DEBUG_INFORMATION_FORMAT = "dwarf-with-dsym";
				ENABLE_NS_ASSERTIONS = NO;
				ENABLE_STRICT_OBJC_MSGSEND = YES;
				GCC_C_LANGUAGE_STANDARD = gnu99;
				GCC_NO_COMMON_BLOCKS = YES;
				GCC_WARN_64_TO_32_BIT_CONVERSION = YES;
				GCC_WARN_ABOUT_RETURN_TYPE = YES_ERROR;
				GCC_WARN_UNDECLARED_SELECTOR = YES;
				GCC_WARN_UNINITIALIZED_AUTOS = YES_AGGRESSIVE;
				GCC_WARN_UNUSED_FUNCTION = YES;
				GCC_WARN_UNUSED_VARIABLE = YES;
				IPHONEOS_DEPLOYMENT_TARGET = 8.4;
				MTL_ENABLE_DEBUG_INFO = NO;
				SDKROOT = iphoneos;
				TARGETED_DEVICE_FAMILY = "1,2";
				VALIDATE_PRODUCT = YES;
			};
			name = Release;
		};
		50020E691B67676400DC7CA1 /* Debug */ = {
			isa = XCBuildConfiguration;
			buildSettings = {
				ASSETCATALOG_COMPILER_APPICON_NAME = AppIcon;
				CODE_SIGN_IDENTITY = "iPhone Developer";
				"CODE_SIGN_IDENTITY[sdk=iphoneos*]" = "iPhone Developer";
				INFOPLIST_FILE = rattlemedia/Info.plist;
				LD_RUNPATH_SEARCH_PATHS = "$(inherited) @executable_path/Frameworks";
				PRODUCT_NAME = "$(TARGET_NAME)";
				PROVISIONING_PROFILE = "";
			};
			name = Debug;
		};
		50020E6A1B67676400DC7CA1 /* Release */ = {
			isa = XCBuildConfiguration;
			buildSettings = {
				ASSETCATALOG_COMPILER_APPICON_NAME = AppIcon;
				CODE_SIGN_IDENTITY = "iPhone Developer";
				"CODE_SIGN_IDENTITY[sdk=iphoneos*]" = "iPhone Developer";
				INFOPLIST_FILE = rattlemedia/Info.plist;
				LD_RUNPATH_SEARCH_PATHS = "$(inherited) @executable_path/Frameworks";
				PRODUCT_NAME = "$(TARGET_NAME)";
				PROVISIONING_PROFILE = "";
			};
			name = Release;
		};
		50020E6C1B67676400DC7CA1 /* Debug */ = {
			isa = XCBuildConfiguration;
			buildSettings = {
				BUNDLE_LOADER = "$(TEST_HOST)";
				FRAMEWORK_SEARCH_PATHS = (
					"$(SDKROOT)/Developer/Library/Frameworks",
					"$(inherited)",
				);
				GCC_PREPROCESSOR_DEFINITIONS = (
					"DEBUG=1",
					"$(inherited)",
				);
				INFOPLIST_FILE = rattlemediaTests/Info.plist;
				LD_RUNPATH_SEARCH_PATHS = "$(inherited) @executable_path/Frameworks @loader_path/Frameworks";
				PRODUCT_NAME = "$(TARGET_NAME)";
				TEST_HOST = "$(BUILT_PRODUCTS_DIR)/rattlemedia.app/rattlemedia";
			};
			name = Debug;
		};
		50020E6D1B67676400DC7CA1 /* Release */ = {
			isa = XCBuildConfiguration;
			buildSettings = {
				BUNDLE_LOADER = "$(TEST_HOST)";
				FRAMEWORK_SEARCH_PATHS = (
					"$(SDKROOT)/Developer/Library/Frameworks",
					"$(inherited)",
				);
				INFOPLIST_FILE = rattlemediaTests/Info.plist;
				LD_RUNPATH_SEARCH_PATHS = "$(inherited) @executable_path/Frameworks @loader_path/Frameworks";
				PRODUCT_NAME = "$(TARGET_NAME)";
				TEST_HOST = "$(BUILT_PRODUCTS_DIR)/rattlemedia.app/rattlemedia";
			};
			name = Release;
		};
/* End XCBuildConfiguration section */

/* Begin XCConfigurationList section */
		50020E411B67676300DC7CA1 /* Build configuration list for PBXProject "rattlemedia" */ = {
			isa = XCConfigurationList;
			buildConfigurations = (
				50020E661B67676400DC7CA1 /* Debug */,
				50020E671B67676400DC7CA1 /* Release */,
			);
			defaultConfigurationIsVisible = 0;
			defaultConfigurationName = Release;
		};
		50020E681B67676400DC7CA1 /* Build configuration list for PBXNativeTarget "rattlemedia" */ = {
			isa = XCConfigurationList;
			buildConfigurations = (
				50020E691B67676400DC7CA1 /* Debug */,
				50020E6A1B67676400DC7CA1 /* Release */,
			);
			defaultConfigurationIsVisible = 0;
		};
		50020E6B1B67676400DC7CA1 /* Build configuration list for PBXNativeTarget "rattlemediaTests" */ = {
			isa = XCConfigurationList;
			buildConfigurations = (
				50020E6C1B67676400DC7CA1 /* Debug */,
				50020E6D1B67676400DC7CA1 /* Release */,
			);
			defaultConfigurationIsVisible = 0;
		};
/* End XCConfigurationList section */

/* Begin XCVersionGroup section */
		50020E4D1B67676300DC7CA1 /* rattlemedia.xcdatamodeld */ = {
			isa = XCVersionGroup;
			children = (
				50020E4E1B67676300DC7CA1 /* rattlemedia.xcdatamodel */,
			);
			currentVersion = 50020E4E1B67676300DC7CA1 /* rattlemedia.xcdatamodel */;
			path = rattlemedia.xcdatamodeld;
			sourceTree = "<group>";
			versionGroupType = wrapper.xcdatamodel;
		};
/* End XCVersionGroup section */
	};
	rootObject = 50020E3E1B67676300DC7CA1 /* Project object */;
}
